// !$*UTF8*$!
{
	archiveVersion = 1;
	classes = {
	};
	objectVersion = 55;
	objects = {

/* Begin PBXBuildFile section */
		7D440A42C4B67619D224D37C /* Pods_testproject1Tests.framework in Frameworks */ = {isa = PBXBuildFile; fileRef = 04928A67391660F7E962571E /* Pods_testproject1Tests.framework */; };
		AE7FF495C333B467E01749EF /* Pods_testproject1_testproject1UITests.framework in Frameworks */ = {isa = PBXBuildFile; fileRef = 562F8FDCD601ADB707DE1616 /* Pods_testproject1_testproject1UITests.framework */; };
		B199477527548C2D008491AD /* paymentSucceed.storyboard in Resources */ = {isa = PBXBuildFile; fileRef = B199477427548C2D008491AD /* paymentSucceed.storyboard */; };
		B199477727548C3C008491AD /* paymentSucceed.swift in Sources */ = {isa = PBXBuildFile; fileRef = B199477627548C3C008491AD /* paymentSucceed.swift */; };
		B1C9CCAC275080F10059FCD6 /* payLater.swift in Sources */ = {isa = PBXBuildFile; fileRef = B1C9CCAB275080F10059FCD6 /* payLater.swift */; };
		B1C9CCAE275080FF0059FCD6 /* payLater.storyboard in Resources */ = {isa = PBXBuildFile; fileRef = B1C9CCAD275080FF0059FCD6 /* payLater.storyboard */; };
		B1CD6A3227AB85660043229A /* bill24Sdk.framework in Frameworks */ = {isa = PBXBuildFile; fileRef = B1CD6A3027AB85610043229A /* bill24Sdk.framework */; platformFilter = ios; };
		B1CD6A3327AB85660043229A /* bill24Sdk.framework in Embed Frameworks */ = {isa = PBXBuildFile; fileRef = B1CD6A3027AB85610043229A /* bill24Sdk.framework */; platformFilter = ios; settings = {ATTRIBUTES = (CodeSignOnCopy, RemoveHeadersOnCopy, ); }; };
		B1E0510927324F0400F75E87 /* AppDelegate.swift in Sources */ = {isa = PBXBuildFile; fileRef = B1E0510827324F0400F75E87 /* AppDelegate.swift */; };
		B1E0510B27324F0400F75E87 /* SceneDelegate.swift in Sources */ = {isa = PBXBuildFile; fileRef = B1E0510A27324F0400F75E87 /* SceneDelegate.swift */; };
		B1E0510D27324F0400F75E87 /* ViewController.swift in Sources */ = {isa = PBXBuildFile; fileRef = B1E0510C27324F0400F75E87 /* ViewController.swift */; };
		B1E0511027324F0400F75E87 /* Main.storyboard in Resources */ = {isa = PBXBuildFile; fileRef = B1E0510E27324F0400F75E87 /* Main.storyboard */; };
		B1E0511227324F0500F75E87 /* Assets.xcassets in Resources */ = {isa = PBXBuildFile; fileRef = B1E0511127324F0500F75E87 /* Assets.xcassets */; };
		B1E0511527324F0500F75E87 /* LaunchScreen.storyboard in Resources */ = {isa = PBXBuildFile; fileRef = B1E0511327324F0500F75E87 /* LaunchScreen.storyboard */; };
		B1E0512027324F0500F75E87 /* testproject1Tests.swift in Sources */ = {isa = PBXBuildFile; fileRef = B1E0511F27324F0500F75E87 /* testproject1Tests.swift */; };
		B1E0512A27324F0500F75E87 /* testproject1UITests.swift in Sources */ = {isa = PBXBuildFile; fileRef = B1E0512927324F0500F75E87 /* testproject1UITests.swift */; };
		B1E0512C27324F0500F75E87 /* testproject1UITestsLaunchTests.swift in Sources */ = {isa = PBXBuildFile; fileRef = B1E0512B27324F0500F75E87 /* testproject1UITestsLaunchTests.swift */; };
/* End PBXBuildFile section */

/* Begin PBXContainerItemProxy section */
		B1E0511C27324F0500F75E87 /* PBXContainerItemProxy */ = {
			isa = PBXContainerItemProxy;
			containerPortal = B1E050FD27324F0400F75E87 /* Project object */;
			proxyType = 1;
			remoteGlobalIDString = B1E0510427324F0400F75E87;
			remoteInfo = testproject1;
		};
		B1E0512627324F0500F75E87 /* PBXContainerItemProxy */ = {
			isa = PBXContainerItemProxy;
			containerPortal = B1E050FD27324F0400F75E87 /* Project object */;
			proxyType = 1;
			remoteGlobalIDString = B1E0510427324F0400F75E87;
			remoteInfo = testproject1;
		};
/* End PBXContainerItemProxy section */

/* Begin PBXCopyFilesBuildPhase section */
		B1E50964279FE3FD00D7EFA9 /* Embed Frameworks */ = {
			isa = PBXCopyFilesBuildPhase;
			buildActionMask = 2147483647;
			dstPath = "";
			dstSubfolderSpec = 10;
			files = (
				B1CD6A3327AB85660043229A /* bill24Sdk.framework in Embed Frameworks */,
			);
			name = "Embed Frameworks";
			runOnlyForDeploymentPostprocessing = 0;
		};
/* End PBXCopyFilesBuildPhase section */

/* Begin PBXFileReference section */
		04928A67391660F7E962571E /* Pods_testproject1Tests.framework */ = {isa = PBXFileReference; explicitFileType = wrapper.framework; includeInIndex = 0; path = Pods_testproject1Tests.framework; sourceTree = BUILT_PRODUCTS_DIR; };
		562F8FDCD601ADB707DE1616 /* Pods_testproject1_testproject1UITests.framework */ = {isa = PBXFileReference; explicitFileType = wrapper.framework; includeInIndex = 0; path = Pods_testproject1_testproject1UITests.framework; sourceTree = BUILT_PRODUCTS_DIR; };
		71D00680C6B846E6C4176296 /* Pods-testproject1-testproject1UITests.release.xcconfig */ = {isa = PBXFileReference; includeInIndex = 1; lastKnownFileType = text.xcconfig; name = "Pods-testproject1-testproject1UITests.release.xcconfig"; path = "Target Support Files/Pods-testproject1-testproject1UITests/Pods-testproject1-testproject1UITests.release.xcconfig"; sourceTree = "<group>"; };
		76F23741D5539C9A7EC865DE /* Pods-testproject1.release.xcconfig */ = {isa = PBXFileReference; includeInIndex = 1; lastKnownFileType = text.xcconfig; name = "Pods-testproject1.release.xcconfig"; path = "Target Support Files/Pods-testproject1/Pods-testproject1.release.xcconfig"; sourceTree = "<group>"; };
		994E7615E27F489828408506 /* Pods-testproject1Tests.release.xcconfig */ = {isa = PBXFileReference; includeInIndex = 1; lastKnownFileType = text.xcconfig; name = "Pods-testproject1Tests.release.xcconfig"; path = "Target Support Files/Pods-testproject1Tests/Pods-testproject1Tests.release.xcconfig"; sourceTree = "<group>"; };
		A9200C557499BF41F3C0C789 /* Pods-testproject1.debug.xcconfig */ = {isa = PBXFileReference; includeInIndex = 1; lastKnownFileType = text.xcconfig; name = "Pods-testproject1.debug.xcconfig"; path = "Target Support Files/Pods-testproject1/Pods-testproject1.debug.xcconfig"; sourceTree = "<group>"; };
		B102D2DC276C744F00A785A8 /* encoder_decoder.playground */ = {isa = PBXFileReference; lastKnownFileType = file.playground; path = encoder_decoder.playground; sourceTree = "<group>"; xcLanguageSpecificationIdentifier = xcode.lang.swift; };
		B199477427548C2D008491AD /* paymentSucceed.storyboard */ = {isa = PBXFileReference; lastKnownFileType = file.storyboard; path = paymentSucceed.storyboard; sourceTree = "<group>"; };
		B199477627548C3C008491AD /* paymentSucceed.swift */ = {isa = PBXFileReference; lastKnownFileType = sourcecode.swift; path = paymentSucceed.swift; sourceTree = "<group>"; };
		B1C9CCAB275080F10059FCD6 /* payLater.swift */ = {isa = PBXFileReference; lastKnownFileType = sourcecode.swift; path = payLater.swift; sourceTree = "<group>"; };
		B1C9CCAD275080FF0059FCD6 /* payLater.storyboard */ = {isa = PBXFileReference; lastKnownFileType = file.storyboard; path = payLater.storyboard; sourceTree = "<group>"; };
		B1CD6A3027AB85610043229A /* bill24Sdk.framework */ = {isa = PBXFileReference; lastKnownFileType = wrapper.framework; name = bill24Sdk.framework; path = "../../Library/Developer/Xcode/DerivedData/bill24Sdk-ciehuuafnvecudenxueryyzzfsyj/Build/Products/Debug-iphoneos/bill24Sdk.framework"; sourceTree = "<group>"; };
		B1E0510527324F0400F75E87 /* testproject1.app */ = {isa = PBXFileReference; explicitFileType = wrapper.application; includeInIndex = 0; path = testproject1.app; sourceTree = BUILT_PRODUCTS_DIR; };
		B1E0510827324F0400F75E87 /* AppDelegate.swift */ = {isa = PBXFileReference; lastKnownFileType = sourcecode.swift; path = AppDelegate.swift; sourceTree = "<group>"; };
		B1E0510A27324F0400F75E87 /* SceneDelegate.swift */ = {isa = PBXFileReference; lastKnownFileType = sourcecode.swift; path = SceneDelegate.swift; sourceTree = "<group>"; };
		B1E0510C27324F0400F75E87 /* ViewController.swift */ = {isa = PBXFileReference; lastKnownFileType = sourcecode.swift; path = ViewController.swift; sourceTree = "<group>"; };
		B1E0510F27324F0400F75E87 /* Base */ = {isa = PBXFileReference; lastKnownFileType = file.storyboard; name = Base; path = Base.lproj/Main.storyboard; sourceTree = "<group>"; };
		B1E0511127324F0500F75E87 /* Assets.xcassets */ = {isa = PBXFileReference; lastKnownFileType = folder.assetcatalog; path = Assets.xcassets; sourceTree = "<group>"; };
		B1E0511427324F0500F75E87 /* Base */ = {isa = PBXFileReference; lastKnownFileType = file.storyboard; name = Base; path = Base.lproj/LaunchScreen.storyboard; sourceTree = "<group>"; };
		B1E0511627324F0500F75E87 /* Info.plist */ = {isa = PBXFileReference; lastKnownFileType = text.plist.xml; path = Info.plist; sourceTree = "<group>"; };
		B1E0511B27324F0500F75E87 /* testproject1Tests.xctest */ = {isa = PBXFileReference; explicitFileType = wrapper.cfbundle; includeInIndex = 0; path = testproject1Tests.xctest; sourceTree = BUILT_PRODUCTS_DIR; };
		B1E0511F27324F0500F75E87 /* testproject1Tests.swift */ = {isa = PBXFileReference; lastKnownFileType = sourcecode.swift; path = testproject1Tests.swift; sourceTree = "<group>"; };
		B1E0512527324F0500F75E87 /* testproject1UITests.xctest */ = {isa = PBXFileReference; explicitFileType = wrapper.cfbundle; includeInIndex = 0; path = testproject1UITests.xctest; sourceTree = BUILT_PRODUCTS_DIR; };
		B1E0512927324F0500F75E87 /* testproject1UITests.swift */ = {isa = PBXFileReference; lastKnownFileType = sourcecode.swift; path = testproject1UITests.swift; sourceTree = "<group>"; };
		B1E0512B27324F0500F75E87 /* testproject1UITestsLaunchTests.swift */ = {isa = PBXFileReference; lastKnownFileType = sourcecode.swift; path = testproject1UITestsLaunchTests.swift; sourceTree = "<group>"; };
		D6AD0CD2878F5F3053895D6C /* Pods-testproject1Tests.debug.xcconfig */ = {isa = PBXFileReference; includeInIndex = 1; lastKnownFileType = text.xcconfig; name = "Pods-testproject1Tests.debug.xcconfig"; path = "Target Support Files/Pods-testproject1Tests/Pods-testproject1Tests.debug.xcconfig"; sourceTree = "<group>"; };
		DDE9B9DA7D080017E0EDE404 /* Pods_testproject1.framework */ = {isa = PBXFileReference; explicitFileType = wrapper.framework; includeInIndex = 0; path = Pods_testproject1.framework; sourceTree = BUILT_PRODUCTS_DIR; };
		EC3780166E130D16B732D6F9 /* Pods-testproject1-testproject1UITests.debug.xcconfig */ = {isa = PBXFileReference; includeInIndex = 1; lastKnownFileType = text.xcconfig; name = "Pods-testproject1-testproject1UITests.debug.xcconfig"; path = "Target Support Files/Pods-testproject1-testproject1UITests/Pods-testproject1-testproject1UITests.debug.xcconfig"; sourceTree = "<group>"; };
/* End PBXFileReference section */

/* Begin PBXFrameworksBuildPhase section */
		B1E0510227324F0400F75E87 /* Frameworks */ = {
			isa = PBXFrameworksBuildPhase;
			buildActionMask = 2147483647;
			files = (
				B1CD6A3227AB85660043229A /* bill24Sdk.framework in Frameworks */,
			);
			runOnlyForDeploymentPostprocessing = 0;
		};
		B1E0511827324F0500F75E87 /* Frameworks */ = {
			isa = PBXFrameworksBuildPhase;
			buildActionMask = 2147483647;
			files = (
				7D440A42C4B67619D224D37C /* Pods_testproject1Tests.framework in Frameworks */,
			);
			runOnlyForDeploymentPostprocessing = 0;
		};
		B1E0512227324F0500F75E87 /* Frameworks */ = {
			isa = PBXFrameworksBuildPhase;
			buildActionMask = 2147483647;
			files = (
				AE7FF495C333B467E01749EF /* Pods_testproject1_testproject1UITests.framework in Frameworks */,
			);
			runOnlyForDeploymentPostprocessing = 0;
		};
/* End PBXFrameworksBuildPhase section */

/* Begin PBXGroup section */
		25A4A7FCE9153C73617ECC7D /* Frameworks */ = {
			isa = PBXGroup;
			children = (
				DDE9B9DA7D080017E0EDE404 /* Pods_testproject1.framework */,
				562F8FDCD601ADB707DE1616 /* Pods_testproject1_testproject1UITests.framework */,
				04928A67391660F7E962571E /* Pods_testproject1Tests.framework */,
			);
			name = Frameworks;
			sourceTree = "<group>";
		};
		8C669ED4BDBA6BD3B868D836 /* Pods */ = {
			isa = PBXGroup;
			children = (
				A9200C557499BF41F3C0C789 /* Pods-testproject1.debug.xcconfig */,
				76F23741D5539C9A7EC865DE /* Pods-testproject1.release.xcconfig */,
				EC3780166E130D16B732D6F9 /* Pods-testproject1-testproject1UITests.debug.xcconfig */,
				71D00680C6B846E6C4176296 /* Pods-testproject1-testproject1UITests.release.xcconfig */,
				D6AD0CD2878F5F3053895D6C /* Pods-testproject1Tests.debug.xcconfig */,
				994E7615E27F489828408506 /* Pods-testproject1Tests.release.xcconfig */,
			);
			path = Pods;
			sourceTree = "<group>";
		};
		B1E050FC27324F0400F75E87 = {
			isa = PBXGroup;
			children = (
				B1CD6A3027AB85610043229A /* bill24Sdk.framework */,
				B102D2DC276C744F00A785A8 /* encoder_decoder.playground */,
				B1E0510727324F0400F75E87 /* testproject1 */,
				B1E0511E27324F0500F75E87 /* testproject1Tests */,
				B1E0512827324F0500F75E87 /* testproject1UITests */,
				B1E0510627324F0400F75E87 /* Products */,
				25A4A7FCE9153C73617ECC7D /* Frameworks */,
				8C669ED4BDBA6BD3B868D836 /* Pods */,
			);
			sourceTree = "<group>";
		};
		B1E0510627324F0400F75E87 /* Products */ = {
			isa = PBXGroup;
			children = (
				B1E0510527324F0400F75E87 /* testproject1.app */,
				B1E0511B27324F0500F75E87 /* testproject1Tests.xctest */,
				B1E0512527324F0500F75E87 /* testproject1UITests.xctest */,
			);
			name = Products;
			sourceTree = "<group>";
		};
		B1E0510727324F0400F75E87 /* testproject1 */ = {
			isa = PBXGroup;
			children = (
				B1E0510827324F0400F75E87 /* AppDelegate.swift */,
				B1E0510A27324F0400F75E87 /* SceneDelegate.swift */,
				B1E0510C27324F0400F75E87 /* ViewController.swift */,
				B1E0510E27324F0400F75E87 /* Main.storyboard */,
				B1E0511127324F0500F75E87 /* Assets.xcassets */,
				B1E0511327324F0500F75E87 /* LaunchScreen.storyboard */,
				B1E0511627324F0500F75E87 /* Info.plist */,
				B1C9CCAB275080F10059FCD6 /* payLater.swift */,
				B1C9CCAD275080FF0059FCD6 /* payLater.storyboard */,
				B199477427548C2D008491AD /* paymentSucceed.storyboard */,
				B199477627548C3C008491AD /* paymentSucceed.swift */,
			);
			path = testproject1;
			sourceTree = "<group>";
		};
		B1E0511E27324F0500F75E87 /* testproject1Tests */ = {
			isa = PBXGroup;
			children = (
				B1E0511F27324F0500F75E87 /* testproject1Tests.swift */,
			);
			path = testproject1Tests;
			sourceTree = "<group>";
		};
		B1E0512827324F0500F75E87 /* testproject1UITests */ = {
			isa = PBXGroup;
			children = (
				B1E0512927324F0500F75E87 /* testproject1UITests.swift */,
				B1E0512B27324F0500F75E87 /* testproject1UITestsLaunchTests.swift */,
			);
			path = testproject1UITests;
			sourceTree = "<group>";
		};
/* End PBXGroup section */

/* Begin PBXNativeTarget section */
		B1E0510427324F0400F75E87 /* testproject1 */ = {
			isa = PBXNativeTarget;
			buildConfigurationList = B1E0512F27324F0500F75E87 /* Build configuration list for PBXNativeTarget "testproject1" */;
			buildPhases = (
				BB442F5BEB4E73123249E22D /* [CP] Check Pods Manifest.lock */,
				B1E0510127324F0400F75E87 /* Sources */,
				B1E0510227324F0400F75E87 /* Frameworks */,
				B1E0510327324F0400F75E87 /* Resources */,
				DC04DF80D396C9F956D8484C /* [CP] Embed Pods Frameworks */,
				B1E50964279FE3FD00D7EFA9 /* Embed Frameworks */,
			);
			buildRules = (
			);
			dependencies = (
			);
			name = testproject1;
			productName = testproject1;
			productReference = B1E0510527324F0400F75E87 /* testproject1.app */;
			productType = "com.apple.product-type.application";
		};
		B1E0511A27324F0500F75E87 /* testproject1Tests */ = {
			isa = PBXNativeTarget;
			buildConfigurationList = B1E0513227324F0500F75E87 /* Build configuration list for PBXNativeTarget "testproject1Tests" */;
			buildPhases = (
				7EC9F0338EB6661B5A15F812 /* [CP] Check Pods Manifest.lock */,
				B1E0511727324F0500F75E87 /* Sources */,
				B1E0511827324F0500F75E87 /* Frameworks */,
				B1E0511927324F0500F75E87 /* Resources */,
			);
			buildRules = (
			);
			dependencies = (
				B1E0511D27324F0500F75E87 /* PBXTargetDependency */,
			);
			name = testproject1Tests;
			productName = testproject1Tests;
			productReference = B1E0511B27324F0500F75E87 /* testproject1Tests.xctest */;
			productType = "com.apple.product-type.bundle.unit-test";
		};
		B1E0512427324F0500F75E87 /* testproject1UITests */ = {
			isa = PBXNativeTarget;
			buildConfigurationList = B1E0513527324F0500F75E87 /* Build configuration list for PBXNativeTarget "testproject1UITests" */;
			buildPhases = (
				92C0097461C2A7C176D43D7F /* [CP] Check Pods Manifest.lock */,
				B1E0512127324F0500F75E87 /* Sources */,
				B1E0512227324F0500F75E87 /* Frameworks */,
				B1E0512327324F0500F75E87 /* Resources */,
				6287445706831C942D31278B /* [CP] Embed Pods Frameworks */,
			);
			buildRules = (
			);
			dependencies = (
				B1E0512727324F0500F75E87 /* PBXTargetDependency */,
			);
			name = testproject1UITests;
			productName = testproject1UITests;
			productReference = B1E0512527324F0500F75E87 /* testproject1UITests.xctest */;
			productType = "com.apple.product-type.bundle.ui-testing";
		};
/* End PBXNativeTarget section */

/* Begin PBXProject section */
		B1E050FD27324F0400F75E87 /* Project object */ = {
			isa = PBXProject;
			attributes = {
				BuildIndependentTargetsInParallel = 1;
				LastSwiftUpdateCheck = 1300;
				LastUpgradeCheck = 1300;
				TargetAttributes = {
					B1E0510427324F0400F75E87 = {
						CreatedOnToolsVersion = 13.0;
					};
					B1E0511A27324F0500F75E87 = {
						CreatedOnToolsVersion = 13.0;
						TestTargetID = B1E0510427324F0400F75E87;
					};
					B1E0512427324F0500F75E87 = {
						CreatedOnToolsVersion = 13.0;
						TestTargetID = B1E0510427324F0400F75E87;
					};
				};
			};
			buildConfigurationList = B1E0510027324F0400F75E87 /* Build configuration list for PBXProject "testproject1" */;
			compatibilityVersion = "Xcode 13.0";
			developmentRegion = en;
			hasScannedForEncodings = 0;
			knownRegions = (
				en,
				Base,
			);
			mainGroup = B1E050FC27324F0400F75E87;
			productRefGroup = B1E0510627324F0400F75E87 /* Products */;
			projectDirPath = "";
			projectRoot = "";
			targets = (
				B1E0510427324F0400F75E87 /* testproject1 */,
				B1E0511A27324F0500F75E87 /* testproject1Tests */,
				B1E0512427324F0500F75E87 /* testproject1UITests */,
			);
		};
/* End PBXProject section */

/* Begin PBXResourcesBuildPhase section */
		B1E0510327324F0400F75E87 /* Resources */ = {
			isa = PBXResourcesBuildPhase;
			buildActionMask = 2147483647;
			files = (
				B199477527548C2D008491AD /* paymentSucceed.storyboard in Resources */,
				B1C9CCAE275080FF0059FCD6 /* payLater.storyboard in Resources */,
				B1E0511527324F0500F75E87 /* LaunchScreen.storyboard in Resources */,
				B1E0511227324F0500F75E87 /* Assets.xcassets in Resources */,
				B1E0511027324F0400F75E87 /* Main.storyboard in Resources */,
			);
			runOnlyForDeploymentPostprocessing = 0;
		};
		B1E0511927324F0500F75E87 /* Resources */ = {
			isa = PBXResourcesBuildPhase;
			buildActionMask = 2147483647;
			files = (
			);
			runOnlyForDeploymentPostprocessing = 0;
		};
		B1E0512327324F0500F75E87 /* Resources */ = {
			isa = PBXResourcesBuildPhase;
			buildActionMask = 2147483647;
			files = (
			);
			runOnlyForDeploymentPostprocessing = 0;
		};
/* End PBXResourcesBuildPhase section */

/* Begin PBXShellScriptBuildPhase section */
		6287445706831C942D31278B /* [CP] Embed Pods Frameworks */ = {
			isa = PBXShellScriptBuildPhase;
			buildActionMask = 2147483647;
			files = (
			);
			inputFileListPaths = (
				"${PODS_ROOT}/Target Support Files/Pods-testproject1-testproject1UITests/Pods-testproject1-testproject1UITests-frameworks-${CONFIGURATION}-input-files.xcfilelist",
			);
			name = "[CP] Embed Pods Frameworks";
			outputFileListPaths = (
				"${PODS_ROOT}/Target Support Files/Pods-testproject1-testproject1UITests/Pods-testproject1-testproject1UITests-frameworks-${CONFIGURATION}-output-files.xcfilelist",
			);
			runOnlyForDeploymentPostprocessing = 0;
			shellPath = /bin/sh;
			shellScript = "\"${PODS_ROOT}/Target Support Files/Pods-testproject1-testproject1UITests/Pods-testproject1-testproject1UITests-frameworks.sh\"\n";
			showEnvVarsInLog = 0;
		};
		7EC9F0338EB6661B5A15F812 /* [CP] Check Pods Manifest.lock */ = {
			isa = PBXShellScriptBuildPhase;
			buildActionMask = 2147483647;
			files = (
			);
			inputFileListPaths = (
			);
			inputPaths = (
				"${PODS_PODFILE_DIR_PATH}/Podfile.lock",
				"${PODS_ROOT}/Manifest.lock",
			);
			name = "[CP] Check Pods Manifest.lock";
			outputFileListPaths = (
			);
			outputPaths = (
				"$(DERIVED_FILE_DIR)/Pods-testproject1Tests-checkManifestLockResult.txt",
			);
			runOnlyForDeploymentPostprocessing = 0;
			shellPath = /bin/sh;
			shellScript = "diff \"${PODS_PODFILE_DIR_PATH}/Podfile.lock\" \"${PODS_ROOT}/Manifest.lock\" > /dev/null\nif [ $? != 0 ] ; then\n    # print error to STDERR\n    echo \"error: The sandbox is not in sync with the Podfile.lock. Run 'pod install' or update your CocoaPods installation.\" >&2\n    exit 1\nfi\n# This output is used by Xcode 'outputs' to avoid re-running this script phase.\necho \"SUCCESS\" > \"${SCRIPT_OUTPUT_FILE_0}\"\n";
			showEnvVarsInLog = 0;
		};
		92C0097461C2A7C176D43D7F /* [CP] Check Pods Manifest.lock */ = {
			isa = PBXShellScriptBuildPhase;
			buildActionMask = 2147483647;
			files = (
			);
			inputFileListPaths = (
			);
			inputPaths = (
				"${PODS_PODFILE_DIR_PATH}/Podfile.lock",
				"${PODS_ROOT}/Manifest.lock",
			);
			name = "[CP] Check Pods Manifest.lock";
			outputFileListPaths = (
			);
			outputPaths = (
				"$(DERIVED_FILE_DIR)/Pods-testproject1-testproject1UITests-checkManifestLockResult.txt",
			);
			runOnlyForDeploymentPostprocessing = 0;
			shellPath = /bin/sh;
			shellScript = "diff \"${PODS_PODFILE_DIR_PATH}/Podfile.lock\" \"${PODS_ROOT}/Manifest.lock\" > /dev/null\nif [ $? != 0 ] ; then\n    # print error to STDERR\n    echo \"error: The sandbox is not in sync with the Podfile.lock. Run 'pod install' or update your CocoaPods installation.\" >&2\n    exit 1\nfi\n# This output is used by Xcode 'outputs' to avoid re-running this script phase.\necho \"SUCCESS\" > \"${SCRIPT_OUTPUT_FILE_0}\"\n";
			showEnvVarsInLog = 0;
		};
		BB442F5BEB4E73123249E22D /* [CP] Check Pods Manifest.lock */ = {
			isa = PBXShellScriptBuildPhase;
			buildActionMask = 2147483647;
			files = (
			);
			inputFileListPaths = (
			);
			inputPaths = (
				"${PODS_PODFILE_DIR_PATH}/Podfile.lock",
				"${PODS_ROOT}/Manifest.lock",
			);
			name = "[CP] Check Pods Manifest.lock";
			outputFileListPaths = (
			);
			outputPaths = (
				"$(DERIVED_FILE_DIR)/Pods-testproject1-checkManifestLockResult.txt",
			);
			runOnlyForDeploymentPostprocessing = 0;
			shellPath = /bin/sh;
			shellScript = "diff \"${PODS_PODFILE_DIR_PATH}/Podfile.lock\" \"${PODS_ROOT}/Manifest.lock\" > /dev/null\nif [ $? != 0 ] ; then\n    # print error to STDERR\n    echo \"error: The sandbox is not in sync with the Podfile.lock. Run 'pod install' or update your CocoaPods installation.\" >&2\n    exit 1\nfi\n# This output is used by Xcode 'outputs' to avoid re-running this script phase.\necho \"SUCCESS\" > \"${SCRIPT_OUTPUT_FILE_0}\"\n";
			showEnvVarsInLog = 0;
		};
		DC04DF80D396C9F956D8484C /* [CP] Embed Pods Frameworks */ = {
			isa = PBXShellScriptBuildPhase;
			buildActionMask = 2147483647;
			files = (
			);
			inputFileListPaths = (
				"${PODS_ROOT}/Target Support Files/Pods-testproject1/Pods-testproject1-frameworks-${CONFIGURATION}-input-files.xcfilelist",
			);
			name = "[CP] Embed Pods Frameworks";
			outputFileListPaths = (
				"${PODS_ROOT}/Target Support Files/Pods-testproject1/Pods-testproject1-frameworks-${CONFIGURATION}-output-files.xcfilelist",
			);
			runOnlyForDeploymentPostprocessing = 0;
			shellPath = /bin/sh;
			shellScript = "\"${PODS_ROOT}/Target Support Files/Pods-testproject1/Pods-testproject1-frameworks.sh\"\n";
			showEnvVarsInLog = 0;
		};
/* End PBXShellScriptBuildPhase section */

/* Begin PBXSourcesBuildPhase section */
		B1E0510127324F0400F75E87 /* Sources */ = {
			isa = PBXSourcesBuildPhase;
			buildActionMask = 2147483647;
			files = (
				B199477727548C3C008491AD /* paymentSucceed.swift in Sources */,
				B1E0510D27324F0400F75E87 /* ViewController.swift in Sources */,
				B1E0510927324F0400F75E87 /* AppDelegate.swift in Sources */,
				B1E0510B27324F0400F75E87 /* SceneDelegate.swift in Sources */,
				B1C9CCAC275080F10059FCD6 /* payLater.swift in Sources */,
			);
			runOnlyForDeploymentPostprocessing = 0;
		};
		B1E0511727324F0500F75E87 /* Sources */ = {
			isa = PBXSourcesBuildPhase;
			buildActionMask = 2147483647;
			files = (
				B1E0512027324F0500F75E87 /* testproject1Tests.swift in Sources */,
			);
			runOnlyForDeploymentPostprocessing = 0;
		};
		B1E0512127324F0500F75E87 /* Sources */ = {
			isa = PBXSourcesBuildPhase;
			buildActionMask = 2147483647;
			files = (
				B1E0512C27324F0500F75E87 /* testproject1UITestsLaunchTests.swift in Sources */,
				B1E0512A27324F0500F75E87 /* testproject1UITests.swift in Sources */,
			);
			runOnlyForDeploymentPostprocessing = 0;
		};
/* End PBXSourcesBuildPhase section */

/* Begin PBXTargetDependency section */
		B1E0511D27324F0500F75E87 /* PBXTargetDependency */ = {
			isa = PBXTargetDependency;
			target = B1E0510427324F0400F75E87 /* testproject1 */;
			targetProxy = B1E0511C27324F0500F75E87 /* PBXContainerItemProxy */;
		};
		B1E0512727324F0500F75E87 /* PBXTargetDependency */ = {
			isa = PBXTargetDependency;
			target = B1E0510427324F0400F75E87 /* testproject1 */;
			targetProxy = B1E0512627324F0500F75E87 /* PBXContainerItemProxy */;
		};
/* End PBXTargetDependency section */

/* Begin PBXVariantGroup section */
		B1E0510E27324F0400F75E87 /* Main.storyboard */ = {
			isa = PBXVariantGroup;
			children = (
				B1E0510F27324F0400F75E87 /* Base */,
			);
			name = Main.storyboard;
			sourceTree = "<group>";
		};
		B1E0511327324F0500F75E87 /* LaunchScreen.storyboard */ = {
			isa = PBXVariantGroup;
			children = (
				B1E0511427324F0500F75E87 /* Base */,
			);
			name = LaunchScreen.storyboard;
			sourceTree = "<group>";
		};
/* End PBXVariantGroup section */

/* Begin XCBuildConfiguration section */
		B1E0512D27324F0500F75E87 /* Debug */ = {
			isa = XCBuildConfiguration;
			buildSettings = {
				ALWAYS_SEARCH_USER_PATHS = NO;
				BUILD_LIBRARY_FOR_DISTRIBUTION = NO;
				CLANG_ANALYZER_NONNULL = YES;
				CLANG_ANALYZER_NUMBER_OBJECT_CONVERSION = YES_AGGRESSIVE;
				CLANG_CXX_LANGUAGE_STANDARD = "gnu++17";
				CLANG_CXX_LIBRARY = "libc++";
				CLANG_ENABLE_MODULES = YES;
				CLANG_ENABLE_OBJC_ARC = YES;
				CLANG_ENABLE_OBJC_WEAK = YES;
				CLANG_WARN_BLOCK_CAPTURE_AUTORELEASING = YES;
				CLANG_WARN_BOOL_CONVERSION = YES;
				CLANG_WARN_COMMA = YES;
				CLANG_WARN_CONSTANT_CONVERSION = YES;
				CLANG_WARN_DEPRECATED_OBJC_IMPLEMENTATIONS = YES;
				CLANG_WARN_DIRECT_OBJC_ISA_USAGE = YES_ERROR;
				CLANG_WARN_DOCUMENTATION_COMMENTS = YES;
				CLANG_WARN_EMPTY_BODY = YES;
				CLANG_WARN_ENUM_CONVERSION = YES;
				CLANG_WARN_INFINITE_RECURSION = YES;
				CLANG_WARN_INT_CONVERSION = YES;
				CLANG_WARN_NON_LITERAL_NULL_CONVERSION = YES;
				CLANG_WARN_OBJC_IMPLICIT_RETAIN_SELF = YES;
				CLANG_WARN_OBJC_LITERAL_CONVERSION = YES;
				CLANG_WARN_OBJC_ROOT_CLASS = YES_ERROR;
				CLANG_WARN_QUOTED_INCLUDE_IN_FRAMEWORK_HEADER = YES;
				CLANG_WARN_RANGE_LOOP_ANALYSIS = YES;
				CLANG_WARN_STRICT_PROTOTYPES = YES;
				CLANG_WARN_SUSPICIOUS_MOVE = YES;
				CLANG_WARN_UNGUARDED_AVAILABILITY = YES_AGGRESSIVE;
				CLANG_WARN_UNREACHABLE_CODE = YES;
				CLANG_WARN__DUPLICATE_METHOD_MATCH = YES;
				COPY_PHASE_STRIP = NO;
				DEBUG_INFORMATION_FORMAT = dwarf;
				ENABLE_STRICT_OBJC_MSGSEND = YES;
				ENABLE_TESTABILITY = YES;
				GCC_C_LANGUAGE_STANDARD = gnu11;
				GCC_DYNAMIC_NO_PIC = NO;
				GCC_NO_COMMON_BLOCKS = YES;
				GCC_OPTIMIZATION_LEVEL = 0;
				GCC_PREPROCESSOR_DEFINITIONS = (
					"DEBUG=1",
					"$(inherited)",
				);
				GCC_WARN_64_TO_32_BIT_CONVERSION = YES;
				GCC_WARN_ABOUT_RETURN_TYPE = YES_ERROR;
				GCC_WARN_UNDECLARED_SELECTOR = YES;
				GCC_WARN_UNINITIALIZED_AUTOS = YES_AGGRESSIVE;
				GCC_WARN_UNUSED_FUNCTION = YES;
				GCC_WARN_UNUSED_VARIABLE = YES;
				"INFOPLIST_FILE[sdk=*]" = "<key>NSAppTransportSecurity</key>\n    <dict>\n        <!--Not a recommended way, there are better solutions available-->\n        <key>NSAllowsArbitraryLoads</key>\n        <true/>\n    </dict>";
				IPHONEOS_DEPLOYMENT_TARGET = 11;
				MTL_ENABLE_DEBUG_INFO = INCLUDE_SOURCE;
				MTL_FAST_MATH = YES;
				ONLY_ACTIVE_ARCH = YES;
				SDKROOT = iphoneos;
				SWIFT_ACTIVE_COMPILATION_CONDITIONS = DEBUG;
				SWIFT_OBJC_INTERFACE_HEADER_NAME = "$(SWIFT_MODULE_NAME)-Swift.h";
				SWIFT_OPTIMIZATION_LEVEL = "-Onone";
			};
			name = Debug;
		};
		B1E0512E27324F0500F75E87 /* Release */ = {
			isa = XCBuildConfiguration;
			buildSettings = {
				ALWAYS_SEARCH_USER_PATHS = NO;
				BUILD_LIBRARY_FOR_DISTRIBUTION = NO;
				CLANG_ANALYZER_NONNULL = YES;
				CLANG_ANALYZER_NUMBER_OBJECT_CONVERSION = YES_AGGRESSIVE;
				CLANG_CXX_LANGUAGE_STANDARD = "gnu++17";
				CLANG_CXX_LIBRARY = "libc++";
				CLANG_ENABLE_MODULES = YES;
				CLANG_ENABLE_OBJC_ARC = YES;
				CLANG_ENABLE_OBJC_WEAK = YES;
				CLANG_WARN_BLOCK_CAPTURE_AUTORELEASING = YES;
				CLANG_WARN_BOOL_CONVERSION = YES;
				CLANG_WARN_COMMA = YES;
				CLANG_WARN_CONSTANT_CONVERSION = YES;
				CLANG_WARN_DEPRECATED_OBJC_IMPLEMENTATIONS = YES;
				CLANG_WARN_DIRECT_OBJC_ISA_USAGE = YES_ERROR;
				CLANG_WARN_DOCUMENTATION_COMMENTS = YES;
				CLANG_WARN_EMPTY_BODY = YES;
				CLANG_WARN_ENUM_CONVERSION = YES;
				CLANG_WARN_INFINITE_RECURSION = YES;
				CLANG_WARN_INT_CONVERSION = YES;
				CLANG_WARN_NON_LITERAL_NULL_CONVERSION = YES;
				CLANG_WARN_OBJC_IMPLICIT_RETAIN_SELF = YES;
				CLANG_WARN_OBJC_LITERAL_CONVERSION = YES;
				CLANG_WARN_OBJC_ROOT_CLASS = YES_ERROR;
				CLANG_WARN_QUOTED_INCLUDE_IN_FRAMEWORK_HEADER = YES;
				CLANG_WARN_RANGE_LOOP_ANALYSIS = YES;
				CLANG_WARN_STRICT_PROTOTYPES = YES;
				CLANG_WARN_SUSPICIOUS_MOVE = YES;
				CLANG_WARN_UNGUARDED_AVAILABILITY = YES_AGGRESSIVE;
				CLANG_WARN_UNREACHABLE_CODE = YES;
				CLANG_WARN__DUPLICATE_METHOD_MATCH = YES;
				COPY_PHASE_STRIP = NO;
				DEBUG_INFORMATION_FORMAT = "dwarf-with-dsym";
				ENABLE_NS_ASSERTIONS = NO;
				ENABLE_STRICT_OBJC_MSGSEND = YES;
				GCC_C_LANGUAGE_STANDARD = gnu11;
				GCC_NO_COMMON_BLOCKS = YES;
				GCC_WARN_64_TO_32_BIT_CONVERSION = YES;
				GCC_WARN_ABOUT_RETURN_TYPE = YES_ERROR;
				GCC_WARN_UNDECLARED_SELECTOR = YES;
				GCC_WARN_UNINITIALIZED_AUTOS = YES_AGGRESSIVE;
				GCC_WARN_UNUSED_FUNCTION = YES;
				GCC_WARN_UNUSED_VARIABLE = YES;
				IPHONEOS_DEPLOYMENT_TARGET = 11;
				MTL_ENABLE_DEBUG_INFO = NO;
				MTL_FAST_MATH = YES;
				SDKROOT = iphoneos;
				SWIFT_COMPILATION_MODE = singlefile;
				SWIFT_OBJC_INTERFACE_HEADER_NAME = "$(SWIFT_MODULE_NAME)-Swift.h";
				SWIFT_OPTIMIZATION_LEVEL = "-O";
				VALIDATE_PRODUCT = YES;
			};
			name = Release;
		};
		B1E0513027324F0500F75E87 /* Debug */ = {
			isa = XCBuildConfiguration;
			baseConfigurationReference = A9200C557499BF41F3C0C789 /* Pods-testproject1.debug.xcconfig */;
			buildSettings = {
				ARCHS = "$(ARCHS_STANDARD)";
				ASSETCATALOG_COMPILER_APPICON_NAME = AppIcon;
				ASSETCATALOG_COMPILER_GLOBAL_ACCENT_COLOR_NAME = AccentColor;
				BUILD_LIBRARY_FOR_DISTRIBUTION = NO;
				CODE_SIGN_STYLE = Automatic;
				CURRENT_PROJECT_VERSION = 1;
				DEVELOPMENT_ASSET_PATHS = "";
				DEVELOPMENT_TEAM = 936EARQLW8;
				EMBED_ASSET_PACKS_IN_PRODUCT_BUNDLE = YES;
				FRAMEWORK_SEARCH_PATHS = (
					"$(inherited)",
					"$(PROJECT_DIR)",
					"$(PROJECT_DIR)/testproject1",
				);
				GENERATE_INFOPLIST_FILE = YES;
				INFOPLIST_FILE = testproject1/Info.plist;
				INFOPLIST_KEY_CFBundleDisplayName = "bill24 SDK";
				INFOPLIST_KEY_UIApplicationSupportsIndirectInputEvents = YES;
				INFOPLIST_KEY_UILaunchStoryboardName = LaunchScreen;
				INFOPLIST_KEY_UIMainStoryboardFile = Main;
				INFOPLIST_KEY_UISupportedInterfaceOrientations_iPad = "UIInterfaceOrientationPortrait UIInterfaceOrientationPortraitUpsideDown UIInterfaceOrientationLandscapeLeft UIInterfaceOrientationLandscapeRight";
				INFOPLIST_KEY_UISupportedInterfaceOrientations_iPhone = "UIInterfaceOrientationPortrait UIInterfaceOrientationLandscapeLeft UIInterfaceOrientationLandscapeRight";
				LD_RUNPATH_SEARCH_PATHS = (
					"$(inherited)",
					"@executable_path/Frameworks",
				);
				MARKETING_VERSION = 0.1.6;
				PRODUCT_BUNDLE_IDENTIFIER = bill24.testproject1;
				PRODUCT_NAME = "$(TARGET_NAME)";
				SWIFT_EMIT_LOC_STRINGS = YES;
				SWIFT_OBJC_INTERFACE_HEADER_NAME = "$(SWIFT_MODULE_NAME)-Swift.h";
				SWIFT_VERSION = 5.0;
				TARGETED_DEVICE_FAMILY = "1,2";
				VALIDATE_WORKSPACE = YES;
			};
			name = Debug;
		};
		B1E0513127324F0500F75E87 /* Release */ = {
			isa = XCBuildConfiguration;
			baseConfigurationReference = 76F23741D5539C9A7EC865DE /* Pods-testproject1.release.xcconfig */;
			buildSettings = {
				ARCHS = "$(ARCHS_STANDARD)";
				ASSETCATALOG_COMPILER_APPICON_NAME = AppIcon;
				ASSETCATALOG_COMPILER_GLOBAL_ACCENT_COLOR_NAME = AccentColor;
				BUILD_LIBRARY_FOR_DISTRIBUTION = NO;
				CODE_SIGN_STYLE = Automatic;
				CURRENT_PROJECT_VERSION = 1;
				DEVELOPMENT_ASSET_PATHS = "";
				DEVELOPMENT_TEAM = 936EARQLW8;
				EMBED_ASSET_PACKS_IN_PRODUCT_BUNDLE = YES;
				FRAMEWORK_SEARCH_PATHS = (
					"$(inherited)",
					"$(PROJECT_DIR)",
					"$(PROJECT_DIR)/testproject1",
				);
				GENERATE_INFOPLIST_FILE = YES;
				INFOPLIST_FILE = testproject1/Info.plist;
				INFOPLIST_KEY_CFBundleDisplayName = "bill24 SDK";
				INFOPLIST_KEY_UIApplicationSupportsIndirectInputEvents = YES;
				INFOPLIST_KEY_UILaunchStoryboardName = LaunchScreen;
				INFOPLIST_KEY_UIMainStoryboardFile = Main;
				INFOPLIST_KEY_UISupportedInterfaceOrientations_iPad = "UIInterfaceOrientationPortrait UIInterfaceOrientationPortraitUpsideDown UIInterfaceOrientationLandscapeLeft UIInterfaceOrientationLandscapeRight";
				INFOPLIST_KEY_UISupportedInterfaceOrientations_iPhone = "UIInterfaceOrientationPortrait UIInterfaceOrientationLandscapeLeft UIInterfaceOrientationLandscapeRight";
				LD_RUNPATH_SEARCH_PATHS = (
					"$(inherited)",
					"@executable_path/Frameworks",
				);
				MARKETING_VERSION = 0.1.6;
				PRODUCT_BUNDLE_IDENTIFIER = bill24.testproject1;
				PRODUCT_NAME = "$(TARGET_NAME)";
				SWIFT_EMIT_LOC_STRINGS = YES;
				SWIFT_OBJC_INTERFACE_HEADER_NAME = "$(SWIFT_MODULE_NAME)-Swift.h";
				SWIFT_VERSION = 5.0;
				TARGETED_DEVICE_FAMILY = "1,2";
				VALIDATE_WORKSPACE = YES;
			};
			name = Release;
		};
		B1E0513327324F0500F75E87 /* Debug */ = {
			isa = XCBuildConfiguration;
			baseConfigurationReference = D6AD0CD2878F5F3053895D6C /* Pods-testproject1Tests.debug.xcconfig */;
			buildSettings = {
				ALWAYS_EMBED_SWIFT_STANDARD_LIBRARIES = YES;
				BUNDLE_LOADER = "$(TEST_HOST)";
				CODE_SIGN_STYLE = Automatic;
				CURRENT_PROJECT_VERSION = 1;
				DEVELOPMENT_TEAM = 66C5668CGN;
				FRAMEWORK_SEARCH_PATHS = (
					"$(inherited)",
					"$(PROJECT_DIR)/Pods",
				);
				GENERATE_INFOPLIST_FILE = YES;
				IPHONEOS_DEPLOYMENT_TARGET = 15.0;
				LD_RUNPATH_SEARCH_PATHS = (
					"$(inherited)",
					"@executable_path/Frameworks",
					"@loader_path/Frameworks",
				);
				MARKETING_VERSION = 1.0;
				PRODUCT_BUNDLE_IDENTIFIER = bill24.testproject1Tests;
				PRODUCT_NAME = "$(TARGET_NAME)";
				SWIFT_EMIT_LOC_STRINGS = NO;
				SWIFT_VERSION = 5.0;
				TARGETED_DEVICE_FAMILY = "1,2";
				TEST_HOST = "$(BUILT_PRODUCTS_DIR)/testproject1.app/testproject1";
			};
			name = Debug;
		};
		B1E0513427324F0500F75E87 /* Release */ = {
			isa = XCBuildConfiguration;
			baseConfigurationReference = 994E7615E27F489828408506 /* Pods-testproject1Tests.release.xcconfig */;
			buildSettings = {
				ALWAYS_EMBED_SWIFT_STANDARD_LIBRARIES = YES;
				BUNDLE_LOADER = "$(TEST_HOST)";
				CODE_SIGN_STYLE = Automatic;
				CURRENT_PROJECT_VERSION = 1;
				DEVELOPMENT_TEAM = 66C5668CGN;
				FRAMEWORK_SEARCH_PATHS = (
					"$(inherited)",
					"$(PROJECT_DIR)/Pods",
				);
				GENERATE_INFOPLIST_FILE = YES;
				IPHONEOS_DEPLOYMENT_TARGET = 15.0;
				LD_RUNPATH_SEARCH_PATHS = (
					"$(inherited)",
					"@executable_path/Frameworks",
					"@loader_path/Frameworks",
				);
				MARKETING_VERSION = 1.0;
				PRODUCT_BUNDLE_IDENTIFIER = bill24.testproject1Tests;
				PRODUCT_NAME = "$(TARGET_NAME)";
				SWIFT_EMIT_LOC_STRINGS = NO;
				SWIFT_VERSION = 5.0;
				TARGETED_DEVICE_FAMILY = "1,2";
				TEST_HOST = "$(BUILT_PRODUCTS_DIR)/testproject1.app/testproject1";
			};
			name = Release;
		};
		B1E0513627324F0500F75E87 /* Debug */ = {
			isa = XCBuildConfiguration;
			baseConfigurationReference = EC3780166E130D16B732D6F9 /* Pods-testproject1-testproject1UITests.debug.xcconfig */;
			buildSettings = {
				ALWAYS_EMBED_SWIFT_STANDARD_LIBRARIES = YES;
				CODE_SIGN_STYLE = Automatic;
				CURRENT_PROJECT_VERSION = 1;
				DEVELOPMENT_TEAM = 66C5668CGN;
				GENERATE_INFOPLIST_FILE = YES;
				LD_RUNPATH_SEARCH_PATHS = (
					"$(inherited)",
					"@executable_path/Frameworks",
					"@loader_path/Frameworks",
				);
				MARKETING_VERSION = 1.0;
				PRODUCT_BUNDLE_IDENTIFIER = bill24.testproject1UITests;
				PRODUCT_NAME = "$(TARGET_NAME)";
				SWIFT_EMIT_LOC_STRINGS = NO;
				SWIFT_VERSION = 5.0;
				TARGETED_DEVICE_FAMILY = "1,2";
				TEST_TARGET_NAME = testproject1;
			};
			name = Debug;
		};
		B1E0513727324F0500F75E87 /* Release */ = {
			isa = XCBuildConfiguration;
			baseConfigurationReference = 71D00680C6B846E6C4176296 /* Pods-testproject1-testproject1UITests.release.xcconfig */;
			buildSettings = {
				ALWAYS_EMBED_SWIFT_STANDARD_LIBRARIES = YES;
				CODE_SIGN_STYLE = Automatic;
				CURRENT_PROJECT_VERSION = 1;
				DEVELOPMENT_TEAM = 66C5668CGN;
				GENERATE_INFOPLIST_FILE = YES;
				LD_RUNPATH_SEARCH_PATHS = (
					"$(inherited)",
					"@executable_path/Frameworks",
					"@loader_path/Frameworks",
				);
				MARKETING_VERSION = 1.0;
				PRODUCT_BUNDLE_IDENTIFIER = bill24.testproject1UITests;
				PRODUCT_NAME = "$(TARGET_NAME)";
				SWIFT_EMIT_LOC_STRINGS = NO;
				SWIFT_VERSION = 5.0;
				TARGETED_DEVICE_FAMILY = "1,2";
				TEST_TARGET_NAME = testproject1;
			};
			name = Release;
		};
/* End XCBuildConfiguration section */

/* Begin XCConfigurationList section */
		B1E0510027324F0400F75E87 /* Build configuration list for PBXProject "testproject1" */ = {
			isa = XCConfigurationList;
			buildConfigurations = (
				B1E0512D27324F0500F75E87 /* Debug */,
				B1E0512E27324F0500F75E87 /* Release */,
			);
			defaultConfigurationIsVisible = 0;
			defaultConfigurationName = Release;
		};
		B1E0512F27324F0500F75E87 /* Build configuration list for PBXNativeTarget "testproject1" */ = {
			isa = XCConfigurationList;
			buildConfigurations = (
				B1E0513027324F0500F75E87 /* Debug */,
				B1E0513127324F0500F75E87 /* Release */,
			);
			defaultConfigurationIsVisible = 0;
			defaultConfigurationName = Release;
		};
		B1E0513227324F0500F75E87 /* Build configuration list for PBXNativeTarget "testproject1Tests" */ = {
			isa = XCConfigurationList;
			buildConfigurations = (
				B1E0513327324F0500F75E87 /* Debug */,
				B1E0513427324F0500F75E87 /* Release */,
			);
			defaultConfigurationIsVisible = 0;
			defaultConfigurationName = Release;
		};
		B1E0513527324F0500F75E87 /* Build configuration list for PBXNativeTarget "testproject1UITests" */ = {
			isa = XCConfigurationList;
			buildConfigurations = (
				B1E0513627324F0500F75E87 /* Debug */,
				B1E0513727324F0500F75E87 /* Release */,
			);
			defaultConfigurationIsVisible = 0;
			defaultConfigurationName = Release;
		};
/* End XCConfigurationList section */
	};
	rootObject = B1E050FD27324F0400F75E87 /* Project object */;
}
